{
  "name": "appkit-location-view",
  "version": "1.0.0",
  "lockfileVersion": 1,
  "requires": true,
  "dependencies": {
    "js-tokens": {
      "version": "4.0.0",
      "resolved": "https://registry.npmjs.org/js-tokens/-/js-tokens-4.0.0.tgz",
      "integrity": "sha512-RdJUflcE3cUzKiMqQgsCu06FPu9UdIJO0beYbPhHN4k6apgJtifcoCtT9bcxOpYBtpD2kCM6Sbzg4CausW/PKQ=="
    },
    "loose-envify": {
      "version": "1.4.0",
      "resolved": "https://registry.npmjs.org/loose-envify/-/loose-envify-1.4.0.tgz",
      "integrity": "sha512-lyuxPGr/Wfhrlem2CL/UcnUc1zcqKAImBDzukY7Y5F/yQiNdko6+fRLevlw1HgMySw7f611UIY408EtxRSoK3Q==",
      "requires": {
        "js-tokens": "4.0.0"
      }
    },
    "object-assign": {
      "version": "4.1.1",
      "resolved": "https://registry.npmjs.org/object-assign/-/object-assign-4.1.1.tgz",
      "integrity": "sha1-IQmtx5ZYh8/AXLvUQsrIv7s2CGM="
    },
    "prop-types": {
      "version": "15.6.2",
      "resolved": "https://registry.npmjs.org/prop-types/-/prop-types-15.6.2.tgz",
      "integrity": "sha512-3pboPvLiWD7dkI3qf3KbUe6hKFKa52w+AE0VCqECtf+QHAKgOL37tTaNCnuX1nAAQ4ZhyP+kYVKf8rLmJ/feDQ==",
      "requires": {
        "loose-envify": "1.4.0",
        "object-assign": "4.1.1"
      }
    },
    "react-native-cancelable-fetch": {
      "version": "0.1.1",
      "resolved": "https://registry.npmjs.org/react-native-cancelable-fetch/-/react-native-cancelable-fetch-0.1.1.tgz",
      "integrity": "sha1-qrAwtEtCbxnVWM6+HNkQOXVyOA0="
    },
    "react-native-location-view": {
      "version": "0.1.5",
      "resolved": "https://registry.npmjs.org/react-native-location-view/-/react-native-location-view-0.1.5.tgz",
      "integrity": "sha512-vLSFckqFYzmlQHYAnxRATD7CJ8doP2iFyqnCDHIM4Ule0hjqmBHQ7LC3/uyRs1zKjPMwHzJIJRh1NwCqTAIyhQ==",
      "requires": {
        "prop-types": "15.6.2",
        "react-native-cancelable-fetch": "0.1.1",
        "react-native-simple-events": "1.0.1"
      }
    },
    "react-native-simple-events": {
      "version": "1.0.1",
      "resolved": "https://registry.npmjs.org/react-native-simple-events/-/react-native-simple-events-1.0.1.tgz",
      "integrity": "sha1-fmNszRt+AwKct43J1Z0ACfc6O9Y="
    }
  }
}
